// !$*UTF8*$!
{
	archiveVersion = 1;
	classes = {
	};
	objectVersion = 50;
	objects = {

/* Begin PBXBuildFile section */
		FA1FE154237D211700568EA3 /* mountain_80enc.mp3 in Resources */ = {isa = PBXBuildFile; fileRef = FA1FE14A237D210E00568EA3 /* mountain_80enc.mp3 */; };
		FA1FE155237D211700568EA3 /* bodyscan_80enc.mp3 in Resources */ = {isa = PBXBuildFile; fileRef = FA1FE14B237D210F00568EA3 /* bodyscan_80enc.mp3 */; };
		FA1FE156237D211700568EA3 /* sittingmeditation_80enc.mp3 in Resources */ = {isa = PBXBuildFile; fileRef = FA1FE14C237D211100568EA3 /* sittingmeditation_80enc.mp3 */; };
		FA1FE157237D211700568EA3 /* lake_80enc.mp3 in Resources */ = {isa = PBXBuildFile; fileRef = FA1FE14D237D211100568EA3 /* lake_80enc.mp3 */; };
		FA1FE158237D211700568EA3 /* RAIN_80enc.mp3 in Resources */ = {isa = PBXBuildFile; fileRef = FA1FE14E237D211200568EA3 /* RAIN_80enc.mp3 */; };
		FA1FE159237D211700568EA3 /* silent30min_guided_meditation_audio_file_80enc.mp3 in Resources */ = {isa = PBXBuildFile; fileRef = FA1FE14F237D211300568EA3 /* silent30min_guided_meditation_audio_file_80enc.mp3 */; };
		FA1FE15A237D211700568EA3 /* soften-soothe-allow_80enc.mp3 in Resources */ = {isa = PBXBuildFile; fileRef = FA1FE150237D211400568EA3 /* soften-soothe-allow_80enc.mp3 */; };
		FA1FE15B237D211700568EA3 /* turning-toward-emotional_80enc.mp3 in Resources */ = {isa = PBXBuildFile; fileRef = FA1FE151237D211500568EA3 /* turning-toward-emotional_80enc.mp3 */; };
		FA1FE15C237D211700568EA3 /* lovingkindness_80enc.mp3 in Resources */ = {isa = PBXBuildFile; fileRef = FA1FE152237D211500568EA3 /* lovingkindness_80enc.mp3 */; };
		FA1FE15D237D211700568EA3 /* turning-toward-physical_80enc.mp3 in Resources */ = {isa = PBXBuildFile; fileRef = FA1FE153237D211700568EA3 /* turning-toward-physical_80enc.mp3 */; };
		FA4B9D4823459620004D1B7C /* Timer_White_40px.png in Resources */ = {isa = PBXBuildFile; fileRef = FA4B9D4723459620004D1B7C /* Timer_White_40px.png */; };
		FA4B9D4C23470BC5004D1B7C /* Video_Courses_Yoga_cropped.jpeg in Resources */ = {isa = PBXBuildFile; fileRef = FA4B9D4B23470BC5004D1B7C /* Video_Courses_Yoga_cropped.jpeg */; };
		FA4B9D4E23470DD3004D1B7C /* WeekHeadings.swift in Sources */ = {isa = PBXBuildFile; fileRef = FA4B9D4D23470DD3004D1B7C /* WeekHeadings.swift */; };
		FA4B9D502349ADDC004D1B7C /* WeekCourseContent.swift in Sources */ = {isa = PBXBuildFile; fileRef = FA4B9D4F2349ADDC004D1B7C /* WeekCourseContent.swift */; };
		FA4B9D602349BAE3004D1B7C /* Week1Data.swift in Sources */ = {isa = PBXBuildFile; fileRef = FA4B9D5F2349BAE3004D1B7C /* Week1Data.swift */; };
		FA4B9D622349C59B004D1B7C /* Week2Data.swift in Sources */ = {isa = PBXBuildFile; fileRef = FA4B9D612349C59B004D1B7C /* Week2Data.swift */; };
		FA4B9D642349C5A8004D1B7C /* Week3Data.swift in Sources */ = {isa = PBXBuildFile; fileRef = FA4B9D632349C5A8004D1B7C /* Week3Data.swift */; };
		FA4B9D662349C5B4004D1B7C /* Week4Data.swift in Sources */ = {isa = PBXBuildFile; fileRef = FA4B9D652349C5B4004D1B7C /* Week4Data.swift */; };
		FA4B9D682349C5BF004D1B7C /* Week5Data.swift in Sources */ = {isa = PBXBuildFile; fileRef = FA4B9D672349C5BF004D1B7C /* Week5Data.swift */; };
		FA4B9D6A2349C5CB004D1B7C /* Week6Data.swift in Sources */ = {isa = PBXBuildFile; fileRef = FA4B9D692349C5CB004D1B7C /* Week6Data.swift */; };
		FA4B9D6C2349C5D8004D1B7C /* Week7Data.swift in Sources */ = {isa = PBXBuildFile; fileRef = FA4B9D6B2349C5D8004D1B7C /* Week7Data.swift */; };
		FA4B9D6E2349C5E5004D1B7C /* Week8Data.swift in Sources */ = {isa = PBXBuildFile; fileRef = FA4B9D6D2349C5E5004D1B7C /* Week8Data.swift */; };
		FA4B9D702349C5F1004D1B7C /* Week9Data.swift in Sources */ = {isa = PBXBuildFile; fileRef = FA4B9D6F2349C5F1004D1B7C /* Week9Data.swift */; };
		FA61C2AE234EBC40007F0AD3 /* CourseContentModelController.swift in Sources */ = {isa = PBXBuildFile; fileRef = FA61C2AD234EBC40007F0AD3 /* CourseContentModelController.swift */; };
		FA61C2B02352EF35007F0AD3 /* CourseContentDetailsTableViewController.swift in Sources */ = {isa = PBXBuildFile; fileRef = FA61C2AF2352EF35007F0AD3 /* CourseContentDetailsTableViewController.swift */; };
		FA61C2B223530070007F0AD3 /* CourseContentDetailTableViewCell.swift in Sources */ = {isa = PBXBuildFile; fileRef = FA61C2B123530070007F0AD3 /* CourseContentDetailTableViewCell.swift */; };
		FA69CE902373711800522A39 /* AboutUs.swift in Sources */ = {isa = PBXBuildFile; fileRef = FA69CE8F2373711800522A39 /* AboutUs.swift */; };
		FA69CE922373728400522A39 /* GettingStarted.swift in Sources */ = {isa = PBXBuildFile; fileRef = FA69CE912373728400522A39 /* GettingStarted.swift */; };
		FA69CE9423737B6800522A39 /* about_us.jpg in Resources */ = {isa = PBXBuildFile; fileRef = FA69CE9323737B6800522A39 /* about_us.jpg */; };
		FA69CE9623737F9D00522A39 /* AbutUsViewController.swift in Sources */ = {isa = PBXBuildFile; fileRef = FA69CE9523737F9D00522A39 /* AbutUsViewController.swift */; };
		FA69CE98237380BF00522A39 /* AboutUsLinks.swift in Sources */ = {isa = PBXBuildFile; fileRef = FA69CE97237380BF00522A39 /* AboutUsLinks.swift */; };
		FA69CE9A2373BF3300522A39 /* GettingStartedHyperLinkStrings.swift in Sources */ = {isa = PBXBuildFile; fileRef = FA69CE992373BF3300522A39 /* GettingStartedHyperLinkStrings.swift */; };
		FA69CE9C2373C33100522A39 /* GettingStartedContent.swift in Sources */ = {isa = PBXBuildFile; fileRef = FA69CE9B2373C33100522A39 /* GettingStartedContent.swift */; };
		FA69CE9E23753CD700522A39 /* IBDesignables.swift in Sources */ = {isa = PBXBuildFile; fileRef = FA69CE9D23753CD600522A39 /* IBDesignables.swift */; };
		FA69CEA123753FFB00522A39 /* AdminCheckTableViewController.swift in Sources */ = {isa = PBXBuildFile; fileRef = FA69CEA023753FFB00522A39 /* AdminCheckTableViewController.swift */; };
		FA69CEA52375448200522A39 /* RaisinMeditationVideo.swift in Sources */ = {isa = PBXBuildFile; fileRef = FA69CEA42375448200522A39 /* RaisinMeditationVideo.swift */; };
		FA8EEA82236FFECD00BFC053 /* UNUserNotificationCenterDelegate.swift in Sources */ = {isa = PBXBuildFile; fileRef = FA8EEA81236FFECD00BFC053 /* UNUserNotificationCenterDelegate.swift */; };
		FAC891502341EB070018338C /* AppDelegate.swift in Sources */ = {isa = PBXBuildFile; fileRef = FAC8914F2341EB070018338C /* AppDelegate.swift */; };
		FAC891582341EB070018338C /* mindfulness_UCLA.xcdatamodeld in Sources */ = {isa = PBXBuildFile; fileRef = FAC891562341EB070018338C /* mindfulness_UCLA.xcdatamodeld */; };
		FAC8915A2341EB090018338C /* Assets.xcassets in Resources */ = {isa = PBXBuildFile; fileRef = FAC891592341EB090018338C /* Assets.xcassets */; };
		FAC8916A2341EB5E0018338C /* LaunchScreen.storyboard in Resources */ = {isa = PBXBuildFile; fileRef = FAC891682341EB5D0018338C /* LaunchScreen.storyboard */; };
		FAC8916B2341EB5E0018338C /* Main.storyboard in Resources */ = {isa = PBXBuildFile; fileRef = FAC891692341EB5E0018338C /* Main.storyboard */; };
		FAC891792341EF370018338C /* TImer_Blue.png in Resources */ = {isa = PBXBuildFile; fileRef = FAC8916C2341EF340018338C /* TImer_Blue.png */; };
		FAC8917A2341EF370018338C /* Getting_Started_Lotus.jpg in Resources */ = {isa = PBXBuildFile; fileRef = FAC8916D2341EF340018338C /* Getting_Started_Lotus.jpg */; };
		FAC8917C2341EF370018338C /* Course_Content_Mountain.jpg in Resources */ = {isa = PBXBuildFile; fileRef = FAC8916F2341EF350018338C /* Course_Content_Mountain.jpg */; };
		FAC8917D2341EF370018338C /* Audio_Tracks_Meditation.jpg in Resources */ = {isa = PBXBuildFile; fileRef = FAC891702341EF350018338C /* Audio_Tracks_Meditation.jpg */; };
		FAC8917E2341EF370018338C /* UCLA_Meditation_Course_Lotus_Flower_Original_Image_UCLA_Blue.png in Resources */ = {isa = PBXBuildFile; fileRef = FAC891712341EF350018338C /* UCLA_Meditation_Course_Lotus_Flower_Original_Image_UCLA_Blue.png */; };
		FAC8917F2341EF370018338C /* Timer_Large_Detail.png in Resources */ = {isa = PBXBuildFile; fileRef = FAC891722341EF350018338C /* Timer_Large_Detail.png */; };
		FAC891802341EF370018338C /* UCLA_Meditation_Course_Lotus_Flower_Original_Image.png in Resources */ = {isa = PBXBuildFile; fileRef = FAC891732341EF360018338C /* UCLA_Meditation_Course_Lotus_Flower_Original_Image.png */; };
		FAC891812341EF370018338C /* UCLA_Meditation_Course_Lotus_Flower_Original_Image_Background_Blue.png in Resources */ = {isa = PBXBuildFile; fileRef = FAC891742341EF360018338C /* UCLA_Meditation_Course_Lotus_Flower_Original_Image_Background_Blue.png */; };
		FAC891832341EF370018338C /* Timer_Large_Detail_Blue.png in Resources */ = {isa = PBXBuildFile; fileRef = FAC891762341EF360018338C /* Timer_Large_Detail_Blue.png */; };
		FAC891852341EF370018338C /* Video_Courses_Yoga.jpeg in Resources */ = {isa = PBXBuildFile; fileRef = FAC891782341EF370018338C /* Video_Courses_Yoga.jpeg */; };
		FAC8918723457E640018338C /* DashboardTableViewController.swift in Sources */ = {isa = PBXBuildFile; fileRef = FAC8918623457E640018338C /* DashboardTableViewController.swift */; };
		FAC8918B23457EA90018338C /* CourseContentTableViewController.swift in Sources */ = {isa = PBXBuildFile; fileRef = FAC8918A23457EA90018338C /* CourseContentTableViewController.swift */; };
		FAC8918F23457EE10018338C /* VideoCoursesTableViewController.swift in Sources */ = {isa = PBXBuildFile; fileRef = FAC8918E23457EE10018338C /* VideoCoursesTableViewController.swift */; };
		FAC8919123457F030018338C /* WeekCourseMaterialsTableViewController.swift in Sources */ = {isa = PBXBuildFile; fileRef = FAC8919023457F030018338C /* WeekCourseMaterialsTableViewController.swift */; };
		FAC8919323457F3B0018338C /* MeditationTimerViewController.swift in Sources */ = {isa = PBXBuildFile; fileRef = FAC8919223457F3B0018338C /* MeditationTimerViewController.swift */; };
		FAC89195234580250018338C /* Timer_Large_Detail_Background_Color.png in Resources */ = {isa = PBXBuildFile; fileRef = FAC89194234580250018338C /* Timer_Large_Detail_Background_Color.png */; };
		FACDBA51235E555E00B538EC /* ReGexPatterns.swift in Sources */ = {isa = PBXBuildFile; fileRef = FACDBA50235E555E00B538EC /* ReGexPatterns.swift */; };
		FACDBA5323622D2B00B538EC /* Protocols.swift in Sources */ = {isa = PBXBuildFile; fileRef = FACDBA5223622D2B00B538EC /* Protocols.swift */; };
		FACDBA5723638AD400B538EC /* AudioGuidedMeditationMetaDataStrings.swift in Sources */ = {isa = PBXBuildFile; fileRef = FACDBA5623638AD400B538EC /* AudioGuidedMeditationMetaDataStrings.swift */; };
		FACDBA59236396E800B538EC /* GuidedMeditation.swift in Sources */ = {isa = PBXBuildFile; fileRef = FACDBA58236396E800B538EC /* GuidedMeditation.swift */; };
		FACDBA5D2363980F00B538EC /* BodyScan.swift in Sources */ = {isa = PBXBuildFile; fileRef = FACDBA5C2363980F00B538EC /* BodyScan.swift */; };
		FACDBA5F2363997400B538EC /* Sitting.swift in Sources */ = {isa = PBXBuildFile; fileRef = FACDBA5E2363997400B538EC /* Sitting.swift */; };
		FACDBA61236399EB00B538EC /* PhysicalPain.swift in Sources */ = {isa = PBXBuildFile; fileRef = FACDBA60236399EB00B538EC /* PhysicalPain.swift */; };
		FACDBA6323639A0100B538EC /* DifficultEmotions.swift in Sources */ = {isa = PBXBuildFile; fileRef = FACDBA6223639A0100B538EC /* DifficultEmotions.swift */; };
		FACDBA6523639A1200B538EC /* Mountain.swift in Sources */ = {isa = PBXBuildFile; fileRef = FACDBA6423639A1200B538EC /* Mountain.swift */; };
		FACDBA6723639A1C00B538EC /* Lake.swift in Sources */ = {isa = PBXBuildFile; fileRef = FACDBA6623639A1C00B538EC /* Lake.swift */; };
		FACDBA6923639A3100B538EC /* Lovingkindness.swift in Sources */ = {isa = PBXBuildFile; fileRef = FACDBA6823639A3100B538EC /* Lovingkindness.swift */; };
		FACDBA6B23639A5A00B538EC /* SootheSoftenAllow.swift in Sources */ = {isa = PBXBuildFile; fileRef = FACDBA6A23639A5A00B538EC /* SootheSoftenAllow.swift */; };
		FACDBA6D23639A6A00B538EC /* RAIN.swift in Sources */ = {isa = PBXBuildFile; fileRef = FACDBA6C23639A6A00B538EC /* RAIN.swift */; };
		FACDBA6F23639A7A00B538EC /* Silent.swift in Sources */ = {isa = PBXBuildFile; fileRef = FACDBA6E23639A7A00B538EC /* Silent.swift */; };
		FACDBA712363D1C300B538EC /* GuidedMeditationTableViewCell.swift in Sources */ = {isa = PBXBuildFile; fileRef = FACDBA702363D1C300B538EC /* GuidedMeditationTableViewCell.swift */; };
		FACDBA7423652E7000B538EC /* mindfulness-pause-90.png in Resources */ = {isa = PBXBuildFile; fileRef = FACDBA7223652E7000B538EC /* mindfulness-pause-90.png */; };
		FACDBA7523652E7000B538EC /* mindfulness-play-90.png in Resources */ = {isa = PBXBuildFile; fileRef = FACDBA7323652E7000B538EC /* mindfulness-play-90.png */; };
		FACDBA8123655AC200B538EC /* GuidedMeditationsViewController.swift in Sources */ = {isa = PBXBuildFile; fileRef = FACDBA8023655AC100B538EC /* GuidedMeditationsViewController.swift */; };
		FACDBA8323663E8E00B538EC /* VideoCoursesTableViewCell.swift in Sources */ = {isa = PBXBuildFile; fileRef = FACDBA8223663E8E00B538EC /* VideoCoursesTableViewCell.swift */; };
		FACDBA882366A52E00B538EC /* MindfulYoga1.swift in Sources */ = {isa = PBXBuildFile; fileRef = FACDBA872366A52E00B538EC /* MindfulYoga1.swift */; };
		FACDBA8A2366A5D900B538EC /* MindfulYoga2.swift in Sources */ = {isa = PBXBuildFile; fileRef = FACDBA892366A5D900B538EC /* MindfulYoga2.swift */; };
		FACDBA8D2366AEDD00B538EC /* Mindful_Yoga_2_thumbnail.png in Resources */ = {isa = PBXBuildFile; fileRef = FACDBA8B2366AEDD00B538EC /* Mindful_Yoga_2_thumbnail.png */; };
		FACDBA8E2366AEDD00B538EC /* Mindful_Yoga_1_thumbnail.png in Resources */ = {isa = PBXBuildFile; fileRef = FACDBA8C2366AEDD00B538EC /* Mindful_Yoga_1_thumbnail.png */; };
		FACDBA9C2367954100B538EC /* midway-assessment.pdf in Resources */ = {isa = PBXBuildFile; fileRef = FACDBA9A2367952000B538EC /* midway-assessment.pdf */; };
		FACDBA9D2367954100B538EC /* week1-formal.pdf in Resources */ = {isa = PBXBuildFile; fileRef = FACDBA922367951E00B538EC /* week1-formal.pdf */; };
		FACDBA9E2367954100B538EC /* week1-informal.pdf in Resources */ = {isa = PBXBuildFile; fileRef = FACDBA982367951F00B538EC /* week1-informal.pdf */; };
		FACDBA9F2367954100B538EC /* week2-formal.pdf in Resources */ = {isa = PBXBuildFile; fileRef = FACDBA992367952000B538EC /* week2-formal.pdf */; };
		FACDBAA02367954100B538EC /* week2-informal.pdf in Resources */ = {isa = PBXBuildFile; fileRef = FACDBA9B2367952000B538EC /* week2-informal.pdf */; };
		FACDBAA12367954100B538EC /* week3-informal.pdf in Resources */ = {isa = PBXBuildFile; fileRef = FACDBA962367951F00B538EC /* week3-informal.pdf */; };
		FACDBAA22367954100B538EC /* week4-formal.pdf in Resources */ = {isa = PBXBuildFile; fileRef = FACDBA912367951E00B538EC /* week4-formal.pdf */; };
		FACDBAA32367954100B538EC /* week4-informal.pdf in Resources */ = {isa = PBXBuildFile; fileRef = FACDBA952367951F00B538EC /* week4-informal.pdf */; };
		FACDBAA42367954100B538EC /* week5-formal.pdf in Resources */ = {isa = PBXBuildFile; fileRef = FACDBA8F2367951D00B538EC /* week5-formal.pdf */; };
		FACDBAA52367954100B538EC /* week5-informal.pdf in Resources */ = {isa = PBXBuildFile; fileRef = FACDBA972367951F00B538EC /* week5-informal.pdf */; };
		FACDBAA62367954100B538EC /* week6-formal.pdf in Resources */ = {isa = PBXBuildFile; fileRef = FACDBA932367951E00B538EC /* week6-formal.pdf */; };
		FACDBAA72367954100B538EC /* week7-formal.pdf in Resources */ = {isa = PBXBuildFile; fileRef = FACDBA902367951E00B538EC /* week7-formal.pdf */; };
		FACDBAA82367954100B538EC /* week7-informal.pdf in Resources */ = {isa = PBXBuildFile; fileRef = FACDBA942367951F00B538EC /* week7-informal.pdf */; };
		FACDBAAC2368D97E00B538EC /* blue-delete-100.png in Resources */ = {isa = PBXBuildFile; fileRef = FACDBAA92368D97D00B538EC /* blue-delete-100.png */; };
		FACDBAAD2368D97E00B538EC /* white-share-rounded-90.png in Resources */ = {isa = PBXBuildFile; fileRef = FACDBAAA2368D97D00B538EC /* white-share-rounded-90.png */; };
		FACDBAAE2368D97E00B538EC /* white-delete-100.png in Resources */ = {isa = PBXBuildFile; fileRef = FACDBAAB2368D97E00B538EC /* white-delete-100.png */; };
		FACDBAB0236BEA5700B538EC /* tibetan-bells-end-meditation-timer.mp3 in Resources */ = {isa = PBXBuildFile; fileRef = FACDBAAF236BEA5700B538EC /* tibetan-bells-end-meditation-timer.mp3 */; };
		FACDBAB5236D0A4300B538EC /* GuidedMeditationsModelController.swift in Sources */ = {isa = PBXBuildFile; fileRef = FACDBAB4236D0A4300B538EC /* GuidedMeditationsModelController.swift */; };
		FACDBAB7236E9AFF00B538EC /* UserMeditationMasterTimeController.swift in Sources */ = {isa = PBXBuildFile; fileRef = FACDBAB6236E9AFF00B538EC /* UserMeditationMasterTimeController.swift */; };
		FACDBAB9236EA85C00B538EC /* LocalNotificationsManager.swift in Sources */ = {isa = PBXBuildFile; fileRef = FACDBAB8236EA85C00B538EC /* LocalNotificationsManager.swift */; };
		FAD5936023760D12009A213C /* BeforeYouBeginViewController.swift in Sources */ = {isa = PBXBuildFile; fileRef = FAD5935F23760D12009A213C /* BeforeYouBeginViewController.swift */; };
		FAD5936223760D48009A213C /* GettingStartedWorksheetViewController.swift in Sources */ = {isa = PBXBuildFile; fileRef = FAD5936123760D48009A213C /* GettingStartedWorksheetViewController.swift */; };
		FAD5936423760D6D009A213C /* OnlineStudentCommunityViewController.swift in Sources */ = {isa = PBXBuildFile; fileRef = FAD5936323760D6D009A213C /* OnlineStudentCommunityViewController.swift */; };
		FAD5936623760D91009A213C /* FAQViewController.swift in Sources */ = {isa = PBXBuildFile; fileRef = FAD5936523760D91009A213C /* FAQViewController.swift */; };
		FAD5936823760DAA009A213C /* CreatingAManualViewController.swift in Sources */ = {isa = PBXBuildFile; fileRef = FAD5936723760DAA009A213C /* CreatingAManualViewController.swift */; };
		FAD5936A23760DC8009A213C /* VideosAndReadingsViewController.swift in Sources */ = {isa = PBXBuildFile; fileRef = FAD5936923760DC8009A213C /* VideosAndReadingsViewController.swift */; };
		FAD5936C23760DE0009A213C /* DailyPractice1ViewController.swift in Sources */ = {isa = PBXBuildFile; fileRef = FAD5936B23760DE0009A213C /* DailyPractice1ViewController.swift */; };
		FAD5936E23760DF3009A213C /* DailyPractice2ViewController.swift in Sources */ = {isa = PBXBuildFile; fileRef = FAD5936D23760DF3009A213C /* DailyPractice2ViewController.swift */; };
		FAD5937023760E45009A213C /* HealthConsiderations1ViewController.swift in Sources */ = {isa = PBXBuildFile; fileRef = FAD5936F23760E45009A213C /* HealthConsiderations1ViewController.swift */; };
		FAD5937223760E5D009A213C /* HealthConsiderations2ViewController.swift in Sources */ = {isa = PBXBuildFile; fileRef = FAD5937123760E5D009A213C /* HealthConsiderations2ViewController.swift */; };
		FAD5937423760E6F009A213C /* ReadyToStartViewController.swift in Sources */ = {isa = PBXBuildFile; fileRef = FAD5937323760E6F009A213C /* ReadyToStartViewController.swift */; };
		FAD59376237610B8009A213C /* GettingStartedViewController.swift in Sources */ = {isa = PBXBuildFile; fileRef = FAD59375237610B8009A213C /* GettingStartedViewController.swift */; };
		FAD593782376523B009A213C /* ViewControllerExtension.swift in Sources */ = {isa = PBXBuildFile; fileRef = FAD593772376523B009A213C /* ViewControllerExtension.swift */; };
		FAD5937A23776471009A213C /* CoreDataStack.swift in Sources */ = {isa = PBXBuildFile; fileRef = FAD5937923776471009A213C /* CoreDataStack.swift */; };
		FAD5937C23776518009A213C /* GuidedMeditationCount+Convenience.swift in Sources */ = {isa = PBXBuildFile; fileRef = FAD5937B23776518009A213C /* GuidedMeditationCount+Convenience.swift */; };
		FAD5937E2377C8C6009A213C /* VideoGuidedMeditationStrings.swift in Sources */ = {isa = PBXBuildFile; fileRef = FAD5937D2377C8C6009A213C /* VideoGuidedMeditationStrings.swift */; };
/* End PBXBuildFile section */

/* Begin PBXFileReference section */
		FA1FE14A237D210E00568EA3 /* mountain_80enc.mp3 */ = {isa = PBXFileReference; lastKnownFileType = audio.mp3; path = mountain_80enc.mp3; sourceTree = "<group>"; };
		FA1FE14B237D210F00568EA3 /* bodyscan_80enc.mp3 */ = {isa = PBXFileReference; lastKnownFileType = audio.mp3; path = bodyscan_80enc.mp3; sourceTree = "<group>"; };
		FA1FE14C237D211100568EA3 /* sittingmeditation_80enc.mp3 */ = {isa = PBXFileReference; lastKnownFileType = audio.mp3; path = sittingmeditation_80enc.mp3; sourceTree = "<group>"; };
		FA1FE14D237D211100568EA3 /* lake_80enc.mp3 */ = {isa = PBXFileReference; lastKnownFileType = audio.mp3; path = lake_80enc.mp3; sourceTree = "<group>"; };
		FA1FE14E237D211200568EA3 /* RAIN_80enc.mp3 */ = {isa = PBXFileReference; lastKnownFileType = audio.mp3; path = RAIN_80enc.mp3; sourceTree = "<group>"; };
		FA1FE14F237D211300568EA3 /* silent30min_guided_meditation_audio_file_80enc.mp3 */ = {isa = PBXFileReference; lastKnownFileType = audio.mp3; path = silent30min_guided_meditation_audio_file_80enc.mp3; sourceTree = "<group>"; };
		FA1FE150237D211400568EA3 /* soften-soothe-allow_80enc.mp3 */ = {isa = PBXFileReference; lastKnownFileType = audio.mp3; path = "soften-soothe-allow_80enc.mp3"; sourceTree = "<group>"; };
		FA1FE151237D211500568EA3 /* turning-toward-emotional_80enc.mp3 */ = {isa = PBXFileReference; lastKnownFileType = audio.mp3; path = "turning-toward-emotional_80enc.mp3"; sourceTree = "<group>"; };
		FA1FE152237D211500568EA3 /* lovingkindness_80enc.mp3 */ = {isa = PBXFileReference; lastKnownFileType = audio.mp3; path = lovingkindness_80enc.mp3; sourceTree = "<group>"; };
		FA1FE153237D211700568EA3 /* turning-toward-physical_80enc.mp3 */ = {isa = PBXFileReference; lastKnownFileType = audio.mp3; path = "turning-toward-physical_80enc.mp3"; sourceTree = "<group>"; };
		FA4B9D4723459620004D1B7C /* Timer_White_40px.png */ = {isa = PBXFileReference; lastKnownFileType = image.png; path = Timer_White_40px.png; sourceTree = "<group>"; };
		FA4B9D4B23470BC5004D1B7C /* Video_Courses_Yoga_cropped.jpeg */ = {isa = PBXFileReference; lastKnownFileType = image.jpeg; path = Video_Courses_Yoga_cropped.jpeg; sourceTree = "<group>"; };
		FA4B9D4D23470DD3004D1B7C /* WeekHeadings.swift */ = {isa = PBXFileReference; lastKnownFileType = sourcecode.swift; path = WeekHeadings.swift; sourceTree = "<group>"; };
		FA4B9D4F2349ADDC004D1B7C /* WeekCourseContent.swift */ = {isa = PBXFileReference; lastKnownFileType = sourcecode.swift; path = WeekCourseContent.swift; sourceTree = "<group>"; };
		FA4B9D5F2349BAE3004D1B7C /* Week1Data.swift */ = {isa = PBXFileReference; lastKnownFileType = sourcecode.swift; name = Week1Data.swift; path = ../Week1Data.swift; sourceTree = "<group>"; };
		FA4B9D612349C59B004D1B7C /* Week2Data.swift */ = {isa = PBXFileReference; lastKnownFileType = sourcecode.swift; name = Week2Data.swift; path = ../Week2Data.swift; sourceTree = "<group>"; };
		FA4B9D632349C5A8004D1B7C /* Week3Data.swift */ = {isa = PBXFileReference; lastKnownFileType = sourcecode.swift; name = Week3Data.swift; path = ../Week3Data.swift; sourceTree = "<group>"; };
		FA4B9D652349C5B4004D1B7C /* Week4Data.swift */ = {isa = PBXFileReference; lastKnownFileType = sourcecode.swift; name = Week4Data.swift; path = ../Week4Data.swift; sourceTree = "<group>"; };
		FA4B9D672349C5BF004D1B7C /* Week5Data.swift */ = {isa = PBXFileReference; lastKnownFileType = sourcecode.swift; name = Week5Data.swift; path = ../Week5Data.swift; sourceTree = "<group>"; };
		FA4B9D692349C5CB004D1B7C /* Week6Data.swift */ = {isa = PBXFileReference; lastKnownFileType = sourcecode.swift; name = Week6Data.swift; path = ../Week6Data.swift; sourceTree = "<group>"; };
		FA4B9D6B2349C5D8004D1B7C /* Week7Data.swift */ = {isa = PBXFileReference; lastKnownFileType = sourcecode.swift; name = Week7Data.swift; path = ../Week7Data.swift; sourceTree = "<group>"; };
		FA4B9D6D2349C5E5004D1B7C /* Week8Data.swift */ = {isa = PBXFileReference; lastKnownFileType = sourcecode.swift; name = Week8Data.swift; path = ../Week8Data.swift; sourceTree = "<group>"; };
		FA4B9D6F2349C5F1004D1B7C /* Week9Data.swift */ = {isa = PBXFileReference; lastKnownFileType = sourcecode.swift; name = Week9Data.swift; path = ../Week9Data.swift; sourceTree = "<group>"; };
		FA61C2AD234EBC40007F0AD3 /* CourseContentModelController.swift */ = {isa = PBXFileReference; lastKnownFileType = sourcecode.swift; path = CourseContentModelController.swift; sourceTree = "<group>"; };
		FA61C2AF2352EF35007F0AD3 /* CourseContentDetailsTableViewController.swift */ = {isa = PBXFileReference; lastKnownFileType = sourcecode.swift; name = CourseContentDetailsTableViewController.swift; path = ../CourseContentDetailsTableViewController.swift; sourceTree = "<group>"; };
		FA61C2B123530070007F0AD3 /* CourseContentDetailTableViewCell.swift */ = {isa = PBXFileReference; lastKnownFileType = sourcecode.swift; name = CourseContentDetailTableViewCell.swift; path = ../CourseContentDetailTableViewCell.swift; sourceTree = "<group>"; };
		FA69CE8F2373711800522A39 /* AboutUs.swift */ = {isa = PBXFileReference; lastKnownFileType = sourcecode.swift; path = AboutUs.swift; sourceTree = "<group>"; };
		FA69CE912373728400522A39 /* GettingStarted.swift */ = {isa = PBXFileReference; lastKnownFileType = sourcecode.swift; name = GettingStarted.swift; path = "../Course Contents/GettingStarted.swift"; sourceTree = "<group>"; };
		FA69CE9323737B6800522A39 /* about_us.jpg */ = {isa = PBXFileReference; lastKnownFileType = image.jpeg; path = about_us.jpg; sourceTree = "<group>"; };
		FA69CE9523737F9D00522A39 /* AbutUsViewController.swift */ = {isa = PBXFileReference; lastKnownFileType = sourcecode.swift; name = AbutUsViewController.swift; path = ../AbutUsViewController.swift; sourceTree = "<group>"; };
		FA69CE97237380BF00522A39 /* AboutUsLinks.swift */ = {isa = PBXFileReference; lastKnownFileType = sourcecode.swift; path = AboutUsLinks.swift; sourceTree = "<group>"; };
		FA69CE992373BF3300522A39 /* GettingStartedHyperLinkStrings.swift */ = {isa = PBXFileReference; lastKnownFileType = sourcecode.swift; name = GettingStartedHyperLinkStrings.swift; path = ../GettingStartedHyperLinkStrings.swift; sourceTree = "<group>"; };
		FA69CE9B2373C33100522A39 /* GettingStartedContent.swift */ = {isa = PBXFileReference; lastKnownFileType = sourcecode.swift; name = GettingStartedContent.swift; path = ../GettingStartedContent.swift; sourceTree = "<group>"; };
		FA69CE9D23753CD600522A39 /* IBDesignables.swift */ = {isa = PBXFileReference; lastKnownFileType = sourcecode.swift; path = IBDesignables.swift; sourceTree = "<group>"; };
		FA69CEA023753FFB00522A39 /* AdminCheckTableViewController.swift */ = {isa = PBXFileReference; lastKnownFileType = sourcecode.swift; name = AdminCheckTableViewController.swift; path = ../AdminCheckTableViewController.swift; sourceTree = "<group>"; };
		FA69CEA42375448200522A39 /* RaisinMeditationVideo.swift */ = {isa = PBXFileReference; lastKnownFileType = sourcecode.swift; path = RaisinMeditationVideo.swift; sourceTree = "<group>"; };
		FA8EEA81236FFECD00BFC053 /* UNUserNotificationCenterDelegate.swift */ = {isa = PBXFileReference; lastKnownFileType = sourcecode.swift; path = UNUserNotificationCenterDelegate.swift; sourceTree = "<group>"; };
		FAC8914C2341EB070018338C /* mindfulness_UCLA.app */ = {isa = PBXFileReference; explicitFileType = wrapper.application; includeInIndex = 0; path = mindfulness_UCLA.app; sourceTree = BUILT_PRODUCTS_DIR; };
		FAC8914F2341EB070018338C /* AppDelegate.swift */ = {isa = PBXFileReference; lastKnownFileType = sourcecode.swift; path = AppDelegate.swift; sourceTree = "<group>"; };
		FAC891572341EB070018338C /* mindfulness_UCLA.xcdatamodel */ = {isa = PBXFileReference; lastKnownFileType = wrapper.xcdatamodel; path = mindfulness_UCLA.xcdatamodel; sourceTree = "<group>"; };
		FAC891592341EB090018338C /* Assets.xcassets */ = {isa = PBXFileReference; lastKnownFileType = folder.assetcatalog; path = Assets.xcassets; sourceTree = "<group>"; };
		FAC8915E2341EB090018338C /* Info.plist */ = {isa = PBXFileReference; lastKnownFileType = text.plist.xml; path = Info.plist; sourceTree = "<group>"; };
		FAC891682341EB5D0018338C /* LaunchScreen.storyboard */ = {isa = PBXFileReference; fileEncoding = 4; lastKnownFileType = file.storyboard; path = LaunchScreen.storyboard; sourceTree = "<group>"; };
		FAC891692341EB5E0018338C /* Main.storyboard */ = {isa = PBXFileReference; fileEncoding = 4; lastKnownFileType = file.storyboard; path = Main.storyboard; sourceTree = "<group>"; };
		FAC8916C2341EF340018338C /* TImer_Blue.png */ = {isa = PBXFileReference; lastKnownFileType = image.png; path = TImer_Blue.png; sourceTree = "<group>"; };
		FAC8916D2341EF340018338C /* Getting_Started_Lotus.jpg */ = {isa = PBXFileReference; lastKnownFileType = image.jpeg; path = Getting_Started_Lotus.jpg; sourceTree = "<group>"; };
		FAC8916F2341EF350018338C /* Course_Content_Mountain.jpg */ = {isa = PBXFileReference; lastKnownFileType = image.jpeg; path = Course_Content_Mountain.jpg; sourceTree = "<group>"; };
		FAC891702341EF350018338C /* Audio_Tracks_Meditation.jpg */ = {isa = PBXFileReference; lastKnownFileType = image.jpeg; path = Audio_Tracks_Meditation.jpg; sourceTree = "<group>"; };
		FAC891712341EF350018338C /* UCLA_Meditation_Course_Lotus_Flower_Original_Image_UCLA_Blue.png */ = {isa = PBXFileReference; lastKnownFileType = image.png; path = UCLA_Meditation_Course_Lotus_Flower_Original_Image_UCLA_Blue.png; sourceTree = "<group>"; };
		FAC891722341EF350018338C /* Timer_Large_Detail.png */ = {isa = PBXFileReference; lastKnownFileType = image.png; path = Timer_Large_Detail.png; sourceTree = "<group>"; };
		FAC891732341EF360018338C /* UCLA_Meditation_Course_Lotus_Flower_Original_Image.png */ = {isa = PBXFileReference; lastKnownFileType = image.png; path = UCLA_Meditation_Course_Lotus_Flower_Original_Image.png; sourceTree = "<group>"; };
		FAC891742341EF360018338C /* UCLA_Meditation_Course_Lotus_Flower_Original_Image_Background_Blue.png */ = {isa = PBXFileReference; lastKnownFileType = image.png; path = UCLA_Meditation_Course_Lotus_Flower_Original_Image_Background_Blue.png; sourceTree = "<group>"; };
		FAC891762341EF360018338C /* Timer_Large_Detail_Blue.png */ = {isa = PBXFileReference; lastKnownFileType = image.png; path = Timer_Large_Detail_Blue.png; sourceTree = "<group>"; };
		FAC891782341EF370018338C /* Video_Courses_Yoga.jpeg */ = {isa = PBXFileReference; lastKnownFileType = image.jpeg; path = Video_Courses_Yoga.jpeg; sourceTree = "<group>"; };
		FAC8918623457E640018338C /* DashboardTableViewController.swift */ = {isa = PBXFileReference; lastKnownFileType = sourcecode.swift; path = DashboardTableViewController.swift; sourceTree = "<group>"; };
		FAC8918A23457EA90018338C /* CourseContentTableViewController.swift */ = {isa = PBXFileReference; lastKnownFileType = sourcecode.swift; name = CourseContentTableViewController.swift; path = ../CourseContentTableViewController.swift; sourceTree = "<group>"; };
		FAC8918E23457EE10018338C /* VideoCoursesTableViewController.swift */ = {isa = PBXFileReference; lastKnownFileType = sourcecode.swift; name = VideoCoursesTableViewController.swift; path = ../VideoCoursesTableViewController.swift; sourceTree = "<group>"; };
		FAC8919023457F030018338C /* WeekCourseMaterialsTableViewController.swift */ = {isa = PBXFileReference; lastKnownFileType = sourcecode.swift; name = WeekCourseMaterialsTableViewController.swift; path = ../WeekCourseMaterialsTableViewController.swift; sourceTree = "<group>"; };
		FAC8919223457F3B0018338C /* MeditationTimerViewController.swift */ = {isa = PBXFileReference; lastKnownFileType = sourcecode.swift; path = MeditationTimerViewController.swift; sourceTree = "<group>"; };
		FAC89194234580250018338C /* Timer_Large_Detail_Background_Color.png */ = {isa = PBXFileReference; lastKnownFileType = image.png; path = Timer_Large_Detail_Background_Color.png; sourceTree = "<group>"; };
		FACDBA50235E555E00B538EC /* ReGexPatterns.swift */ = {isa = PBXFileReference; lastKnownFileType = sourcecode.swift; path = ReGexPatterns.swift; sourceTree = "<group>"; };
		FACDBA5223622D2B00B538EC /* Protocols.swift */ = {isa = PBXFileReference; lastKnownFileType = sourcecode.swift; path = Protocols.swift; sourceTree = "<group>"; };
		FACDBA5623638AD400B538EC /* AudioGuidedMeditationMetaDataStrings.swift */ = {isa = PBXFileReference; lastKnownFileType = sourcecode.swift; path = AudioGuidedMeditationMetaDataStrings.swift; sourceTree = "<group>"; };
		FACDBA58236396E800B538EC /* GuidedMeditation.swift */ = {isa = PBXFileReference; lastKnownFileType = sourcecode.swift; path = GuidedMeditation.swift; sourceTree = "<group>"; };
		FACDBA5C2363980F00B538EC /* BodyScan.swift */ = {isa = PBXFileReference; lastKnownFileType = sourcecode.swift; path = BodyScan.swift; sourceTree = "<group>"; };
		FACDBA5E2363997400B538EC /* Sitting.swift */ = {isa = PBXFileReference; lastKnownFileType = sourcecode.swift; path = Sitting.swift; sourceTree = "<group>"; };
		FACDBA60236399EB00B538EC /* PhysicalPain.swift */ = {isa = PBXFileReference; lastKnownFileType = sourcecode.swift; path = PhysicalPain.swift; sourceTree = "<group>"; };
		FACDBA6223639A0100B538EC /* DifficultEmotions.swift */ = {isa = PBXFileReference; lastKnownFileType = sourcecode.swift; path = DifficultEmotions.swift; sourceTree = "<group>"; };
		FACDBA6423639A1200B538EC /* Mountain.swift */ = {isa = PBXFileReference; lastKnownFileType = sourcecode.swift; path = Mountain.swift; sourceTree = "<group>"; };
		FACDBA6623639A1C00B538EC /* Lake.swift */ = {isa = PBXFileReference; lastKnownFileType = sourcecode.swift; path = Lake.swift; sourceTree = "<group>"; };
		FACDBA6823639A3100B538EC /* Lovingkindness.swift */ = {isa = PBXFileReference; lastKnownFileType = sourcecode.swift; path = Lovingkindness.swift; sourceTree = "<group>"; };
		FACDBA6A23639A5A00B538EC /* SootheSoftenAllow.swift */ = {isa = PBXFileReference; lastKnownFileType = sourcecode.swift; path = SootheSoftenAllow.swift; sourceTree = "<group>"; };
		FACDBA6C23639A6A00B538EC /* RAIN.swift */ = {isa = PBXFileReference; lastKnownFileType = sourcecode.swift; path = RAIN.swift; sourceTree = "<group>"; };
		FACDBA6E23639A7A00B538EC /* Silent.swift */ = {isa = PBXFileReference; lastKnownFileType = sourcecode.swift; path = Silent.swift; sourceTree = "<group>"; };
		FACDBA702363D1C300B538EC /* GuidedMeditationTableViewCell.swift */ = {isa = PBXFileReference; lastKnownFileType = sourcecode.swift; name = GuidedMeditationTableViewCell.swift; path = ../GuidedMeditationTableViewCell.swift; sourceTree = "<group>"; };
		FACDBA7223652E7000B538EC /* mindfulness-pause-90.png */ = {isa = PBXFileReference; lastKnownFileType = image.png; path = "mindfulness-pause-90.png"; sourceTree = "<group>"; };
		FACDBA7323652E7000B538EC /* mindfulness-play-90.png */ = {isa = PBXFileReference; lastKnownFileType = image.png; path = "mindfulness-play-90.png"; sourceTree = "<group>"; };
		FACDBA8023655AC100B538EC /* GuidedMeditationsViewController.swift */ = {isa = PBXFileReference; lastKnownFileType = sourcecode.swift; name = GuidedMeditationsViewController.swift; path = ../GuidedMeditationsViewController.swift; sourceTree = "<group>"; };
		FACDBA8223663E8E00B538EC /* VideoCoursesTableViewCell.swift */ = {isa = PBXFileReference; lastKnownFileType = sourcecode.swift; name = VideoCoursesTableViewCell.swift; path = ../VideoCoursesTableViewCell.swift; sourceTree = "<group>"; };
		FACDBA872366A52E00B538EC /* MindfulYoga1.swift */ = {isa = PBXFileReference; lastKnownFileType = sourcecode.swift; path = MindfulYoga1.swift; sourceTree = "<group>"; };
		FACDBA892366A5D900B538EC /* MindfulYoga2.swift */ = {isa = PBXFileReference; lastKnownFileType = sourcecode.swift; path = MindfulYoga2.swift; sourceTree = "<group>"; };
		FACDBA8B2366AEDD00B538EC /* Mindful_Yoga_2_thumbnail.png */ = {isa = PBXFileReference; lastKnownFileType = image.png; path = Mindful_Yoga_2_thumbnail.png; sourceTree = "<group>"; };
		FACDBA8C2366AEDD00B538EC /* Mindful_Yoga_1_thumbnail.png */ = {isa = PBXFileReference; lastKnownFileType = image.png; path = Mindful_Yoga_1_thumbnail.png; sourceTree = "<group>"; };
		FACDBA8F2367951D00B538EC /* week5-formal.pdf */ = {isa = PBXFileReference; lastKnownFileType = image.pdf; path = "week5-formal.pdf"; sourceTree = "<group>"; };
		FACDBA902367951E00B538EC /* week7-formal.pdf */ = {isa = PBXFileReference; lastKnownFileType = image.pdf; path = "week7-formal.pdf"; sourceTree = "<group>"; };
		FACDBA912367951E00B538EC /* week4-formal.pdf */ = {isa = PBXFileReference; lastKnownFileType = image.pdf; path = "week4-formal.pdf"; sourceTree = "<group>"; };
		FACDBA922367951E00B538EC /* week1-formal.pdf */ = {isa = PBXFileReference; lastKnownFileType = image.pdf; path = "week1-formal.pdf"; sourceTree = "<group>"; };
		FACDBA932367951E00B538EC /* week6-formal.pdf */ = {isa = PBXFileReference; lastKnownFileType = image.pdf; path = "week6-formal.pdf"; sourceTree = "<group>"; };
		FACDBA942367951F00B538EC /* week7-informal.pdf */ = {isa = PBXFileReference; lastKnownFileType = image.pdf; path = "week7-informal.pdf"; sourceTree = "<group>"; };
		FACDBA952367951F00B538EC /* week4-informal.pdf */ = {isa = PBXFileReference; lastKnownFileType = image.pdf; path = "week4-informal.pdf"; sourceTree = "<group>"; };
		FACDBA962367951F00B538EC /* week3-informal.pdf */ = {isa = PBXFileReference; lastKnownFileType = image.pdf; path = "week3-informal.pdf"; sourceTree = "<group>"; };
		FACDBA972367951F00B538EC /* week5-informal.pdf */ = {isa = PBXFileReference; lastKnownFileType = image.pdf; path = "week5-informal.pdf"; sourceTree = "<group>"; };
		FACDBA982367951F00B538EC /* week1-informal.pdf */ = {isa = PBXFileReference; lastKnownFileType = image.pdf; path = "week1-informal.pdf"; sourceTree = "<group>"; };
		FACDBA992367952000B538EC /* week2-formal.pdf */ = {isa = PBXFileReference; lastKnownFileType = image.pdf; path = "week2-formal.pdf"; sourceTree = "<group>"; };
		FACDBA9A2367952000B538EC /* midway-assessment.pdf */ = {isa = PBXFileReference; lastKnownFileType = image.pdf; path = "midway-assessment.pdf"; sourceTree = "<group>"; };
		FACDBA9B2367952000B538EC /* week2-informal.pdf */ = {isa = PBXFileReference; lastKnownFileType = image.pdf; path = "week2-informal.pdf"; sourceTree = "<group>"; };
		FACDBAA92368D97D00B538EC /* blue-delete-100.png */ = {isa = PBXFileReference; lastKnownFileType = image.png; path = "blue-delete-100.png"; sourceTree = "<group>"; };
		FACDBAAA2368D97D00B538EC /* white-share-rounded-90.png */ = {isa = PBXFileReference; lastKnownFileType = image.png; path = "white-share-rounded-90.png"; sourceTree = "<group>"; };
		FACDBAAB2368D97E00B538EC /* white-delete-100.png */ = {isa = PBXFileReference; lastKnownFileType = image.png; path = "white-delete-100.png"; sourceTree = "<group>"; };
		FACDBAAF236BEA5700B538EC /* tibetan-bells-end-meditation-timer.mp3 */ = {isa = PBXFileReference; lastKnownFileType = audio.mp3; path = "tibetan-bells-end-meditation-timer.mp3"; sourceTree = "<group>"; };
		FACDBAB4236D0A4300B538EC /* GuidedMeditationsModelController.swift */ = {isa = PBXFileReference; lastKnownFileType = sourcecode.swift; path = GuidedMeditationsModelController.swift; sourceTree = "<group>"; };
		FACDBAB6236E9AFF00B538EC /* UserMeditationMasterTimeController.swift */ = {isa = PBXFileReference; lastKnownFileType = sourcecode.swift; path = UserMeditationMasterTimeController.swift; sourceTree = "<group>"; };
		FACDBAB8236EA85C00B538EC /* LocalNotificationsManager.swift */ = {isa = PBXFileReference; lastKnownFileType = sourcecode.swift; path = LocalNotificationsManager.swift; sourceTree = "<group>"; };
		FAD5935F23760D12009A213C /* BeforeYouBeginViewController.swift */ = {isa = PBXFileReference; lastKnownFileType = sourcecode.swift; path = BeforeYouBeginViewController.swift; sourceTree = "<group>"; };
		FAD5936123760D48009A213C /* GettingStartedWorksheetViewController.swift */ = {isa = PBXFileReference; lastKnownFileType = sourcecode.swift; path = GettingStartedWorksheetViewController.swift; sourceTree = "<group>"; };
		FAD5936323760D6D009A213C /* OnlineStudentCommunityViewController.swift */ = {isa = PBXFileReference; lastKnownFileType = sourcecode.swift; path = OnlineStudentCommunityViewController.swift; sourceTree = "<group>"; };
		FAD5936523760D91009A213C /* FAQViewController.swift */ = {isa = PBXFileReference; lastKnownFileType = sourcecode.swift; path = FAQViewController.swift; sourceTree = "<group>"; };
		FAD5936723760DAA009A213C /* CreatingAManualViewController.swift */ = {isa = PBXFileReference; lastKnownFileType = sourcecode.swift; path = CreatingAManualViewController.swift; sourceTree = "<group>"; };
		FAD5936923760DC8009A213C /* VideosAndReadingsViewController.swift */ = {isa = PBXFileReference; lastKnownFileType = sourcecode.swift; path = VideosAndReadingsViewController.swift; sourceTree = "<group>"; };
		FAD5936B23760DE0009A213C /* DailyPractice1ViewController.swift */ = {isa = PBXFileReference; lastKnownFileType = sourcecode.swift; path = DailyPractice1ViewController.swift; sourceTree = "<group>"; };
		FAD5936D23760DF3009A213C /* DailyPractice2ViewController.swift */ = {isa = PBXFileReference; lastKnownFileType = sourcecode.swift; path = DailyPractice2ViewController.swift; sourceTree = "<group>"; };
		FAD5936F23760E45009A213C /* HealthConsiderations1ViewController.swift */ = {isa = PBXFileReference; lastKnownFileType = sourcecode.swift; path = HealthConsiderations1ViewController.swift; sourceTree = "<group>"; };
		FAD5937123760E5D009A213C /* HealthConsiderations2ViewController.swift */ = {isa = PBXFileReference; lastKnownFileType = sourcecode.swift; path = HealthConsiderations2ViewController.swift; sourceTree = "<group>"; };
		FAD5937323760E6F009A213C /* ReadyToStartViewController.swift */ = {isa = PBXFileReference; lastKnownFileType = sourcecode.swift; path = ReadyToStartViewController.swift; sourceTree = "<group>"; };
		FAD59375237610B8009A213C /* GettingStartedViewController.swift */ = {isa = PBXFileReference; lastKnownFileType = sourcecode.swift; path = GettingStartedViewController.swift; sourceTree = "<group>"; };
		FAD593772376523B009A213C /* ViewControllerExtension.swift */ = {isa = PBXFileReference; lastKnownFileType = sourcecode.swift; path = ViewControllerExtension.swift; sourceTree = "<group>"; };
		FAD5937923776471009A213C /* CoreDataStack.swift */ = {isa = PBXFileReference; lastKnownFileType = sourcecode.swift; path = CoreDataStack.swift; sourceTree = "<group>"; };
		FAD5937B23776518009A213C /* GuidedMeditationCount+Convenience.swift */ = {isa = PBXFileReference; lastKnownFileType = sourcecode.swift; path = "GuidedMeditationCount+Convenience.swift"; sourceTree = "<group>"; };
		FAD5937D2377C8C6009A213C /* VideoGuidedMeditationStrings.swift */ = {isa = PBXFileReference; lastKnownFileType = sourcecode.swift; path = VideoGuidedMeditationStrings.swift; sourceTree = "<group>"; };
/* End PBXFileReference section */

/* Begin PBXFrameworksBuildPhase section */
		FAC891492341EB070018338C /* Frameworks */ = {
			isa = PBXFrameworksBuildPhase;
			buildActionMask = 2147483647;
			files = (
			);
			runOnlyForDeploymentPostprocessing = 0;
		};
/* End PBXFrameworksBuildPhase section */

/* Begin PBXGroup section */
		FA31D0E623760B3C00D4109E /* About */ = {
			isa = PBXGroup;
			children = (
				FA69CE9523737F9D00522A39 /* AbutUsViewController.swift */,
				FA69CEA023753FFB00522A39 /* AdminCheckTableViewController.swift */,
			);
			path = About;
			sourceTree = "<group>";
		};
		FA31D0E723760B9200D4109E /* Getting Started */ = {
			isa = PBXGroup;
			children = (
				FAD59375237610B8009A213C /* GettingStartedViewController.swift */,
				FAD5935F23760D12009A213C /* BeforeYouBeginViewController.swift */,
				FAD5936123760D48009A213C /* GettingStartedWorksheetViewController.swift */,
				FAD5936323760D6D009A213C /* OnlineStudentCommunityViewController.swift */,
				FAD5936523760D91009A213C /* FAQViewController.swift */,
				FAD5936723760DAA009A213C /* CreatingAManualViewController.swift */,
				FAD5936923760DC8009A213C /* VideosAndReadingsViewController.swift */,
				FAD5936B23760DE0009A213C /* DailyPractice1ViewController.swift */,
				FAD5936D23760DF3009A213C /* DailyPractice2ViewController.swift */,
				FAD5936F23760E45009A213C /* HealthConsiderations1ViewController.swift */,
				FAD5937123760E5D009A213C /* HealthConsiderations2ViewController.swift */,
				FAD5937323760E6F009A213C /* ReadyToStartViewController.swift */,
			);
			path = "Getting Started";
			sourceTree = "<group>";
		};
		FA31D0E823760B9B00D4109E /* Course Content */ = {
			isa = PBXGroup;
			children = (
				FAC8918A23457EA90018338C /* CourseContentTableViewController.swift */,
				FAC8919023457F030018338C /* WeekCourseMaterialsTableViewController.swift */,
				FA61C2AF2352EF35007F0AD3 /* CourseContentDetailsTableViewController.swift */,
				FA61C2B123530070007F0AD3 /* CourseContentDetailTableViewCell.swift */,
			);
			path = "Course Content";
			sourceTree = "<group>";
		};
		FA31D0E923760BA500D4109E /* Guided Meditations */ = {
			isa = PBXGroup;
			children = (
				FACDBA8023655AC100B538EC /* GuidedMeditationsViewController.swift */,
				FACDBA702363D1C300B538EC /* GuidedMeditationTableViewCell.swift */,
			);
			path = "Guided Meditations";
			sourceTree = "<group>";
		};
		FA31D0EA23760BAB00D4109E /* Video Courses */ = {
			isa = PBXGroup;
			children = (
				FAC8918E23457EE10018338C /* VideoCoursesTableViewController.swift */,
				FACDBA8223663E8E00B538EC /* VideoCoursesTableViewCell.swift */,
			);
			path = "Video Courses";
			sourceTree = "<group>";
		};
		FA4B9D532349B989004D1B7C /* mindfulness_UCLA_app_guided_meditations_audio_files */ = {
			isa = PBXGroup;
			children = (
				FA1FE14B237D210F00568EA3 /* bodyscan_80enc.mp3 */,
				FA1FE14D237D211100568EA3 /* lake_80enc.mp3 */,
				FA1FE152237D211500568EA3 /* lovingkindness_80enc.mp3 */,
				FA1FE14A237D210E00568EA3 /* mountain_80enc.mp3 */,
				FA1FE14E237D211200568EA3 /* RAIN_80enc.mp3 */,
				FA1FE14F237D211300568EA3 /* silent30min_guided_meditation_audio_file_80enc.mp3 */,
				FA1FE14C237D211100568EA3 /* sittingmeditation_80enc.mp3 */,
				FA1FE150237D211400568EA3 /* soften-soothe-allow_80enc.mp3 */,
				FA1FE151237D211500568EA3 /* turning-toward-emotional_80enc.mp3 */,
				FA1FE153237D211700568EA3 /* turning-toward-physical_80enc.mp3 */,
				FACDBAAF236BEA5700B538EC /* tibetan-bells-end-meditation-timer.mp3 */,
			);
			path = mindfulness_UCLA_app_guided_meditations_audio_files;
			sourceTree = "<group>";
		};
		FA4B9D5E2349B9B9004D1B7C /* mindfulness_UCLA_graphics_assets */ = {
			isa = PBXGroup;
			children = (
				FA69CE9323737B6800522A39 /* about_us.jpg */,
				FAC891702341EF350018338C /* Audio_Tracks_Meditation.jpg */,
				FAC8916F2341EF350018338C /* Course_Content_Mountain.jpg */,
				FAC8916D2341EF340018338C /* Getting_Started_Lotus.jpg */,
				FACDBA7223652E7000B538EC /* mindfulness-pause-90.png */,
				FACDBAA92368D97D00B538EC /* blue-delete-100.png */,
				FACDBAAB2368D97E00B538EC /* white-delete-100.png */,
				FACDBAAA2368D97D00B538EC /* white-share-rounded-90.png */,
				FACDBA7323652E7000B538EC /* mindfulness-play-90.png */,
				FACDBA8C2366AEDD00B538EC /* Mindful_Yoga_1_thumbnail.png */,
				FACDBA8B2366AEDD00B538EC /* Mindful_Yoga_2_thumbnail.png */,
				FAC8916C2341EF340018338C /* TImer_Blue.png */,
				FAC891762341EF360018338C /* Timer_Large_Detail_Blue.png */,
				FAC891722341EF350018338C /* Timer_Large_Detail.png */,
				FA4B9D4723459620004D1B7C /* Timer_White_40px.png */,
				FAC89194234580250018338C /* Timer_Large_Detail_Background_Color.png */,
				FAC891742341EF360018338C /* UCLA_Meditation_Course_Lotus_Flower_Original_Image_Background_Blue.png */,
				FAC891712341EF350018338C /* UCLA_Meditation_Course_Lotus_Flower_Original_Image_UCLA_Blue.png */,
				FAC891732341EF360018338C /* UCLA_Meditation_Course_Lotus_Flower_Original_Image.png */,
				FA4B9D4B23470BC5004D1B7C /* Video_Courses_Yoga_cropped.jpeg */,
				FAC891782341EF370018338C /* Video_Courses_Yoga.jpeg */,
			);
			path = mindfulness_UCLA_graphics_assets;
			sourceTree = "<group>";
		};
		FA61C2AB234EBBE4007F0AD3 /* ViewControllers */ = {
			isa = PBXGroup;
			children = (
				FA31D0E623760B3C00D4109E /* About */,
				FAC8918623457E640018338C /* DashboardTableViewController.swift */,
				FA31D0E723760B9200D4109E /* Getting Started */,
				FA31D0E823760B9B00D4109E /* Course Content */,
				FA31D0E923760BA500D4109E /* Guided Meditations */,
				FA31D0EA23760BAB00D4109E /* Video Courses */,
				FAC8919223457F3B0018338C /* MeditationTimerViewController.swift */,
			);
			path = ViewControllers;
			sourceTree = "<group>";
		};
		FA61C2AC234EBC07007F0AD3 /* Model Controllers */ = {
			isa = PBXGroup;
			children = (
				FA61C2AD234EBC40007F0AD3 /* CourseContentModelController.swift */,
				FACDBAB4236D0A4300B538EC /* GuidedMeditationsModelController.swift */,
				FACDBAB6236E9AFF00B538EC /* UserMeditationMasterTimeController.swift */,
				FACDBAB8236EA85C00B538EC /* LocalNotificationsManager.swift */,
			);
			path = "Model Controllers";
			sourceTree = "<group>";
		};
		FA69CE9F23753EC700522A39 /* Getting Started */ = {
			isa = PBXGroup;
			children = (
				FA69CE992373BF3300522A39 /* GettingStartedHyperLinkStrings.swift */,
				FA69CE9B2373C33100522A39 /* GettingStartedContent.swift */,
				FA69CE912373728400522A39 /* GettingStarted.swift */,
			);
			path = "Getting Started";
			sourceTree = "<group>";
		};
		FAC891432341EB070018338C = {
			isa = PBXGroup;
			children = (
				FAC8914E2341EB070018338C /* mindfulness_UCLA */,
				FAC8914D2341EB070018338C /* Products */,
			);
			sourceTree = "<group>";
		};
		FAC8914D2341EB070018338C /* Products */ = {
			isa = PBXGroup;
			children = (
				FAC8914C2341EB070018338C /* mindfulness_UCLA.app */,
			);
			name = Products;
			sourceTree = "<group>";
		};
		FAC8914E2341EB070018338C /* mindfulness_UCLA */ = {
			isa = PBXGroup;
			children = (
				FACDBA5223622D2B00B538EC /* Protocols.swift */,
				FA69CE9D23753CD600522A39 /* IBDesignables.swift */,
				FAD593772376523B009A213C /* ViewControllerExtension.swift */,
				FAC891652341EB390018338C /* Models */,
				FAC891672341EB490018338C /* Views */,
				FAC891662341EB420018338C /* Controllers */,
				FAC891642341EB2D0018338C /* App Resources */,
			);
			path = mindfulness_UCLA;
			sourceTree = "<group>";
		};
		FAC891642341EB2D0018338C /* App Resources */ = {
			isa = PBXGroup;
			children = (
				FAC8914F2341EB070018338C /* AppDelegate.swift */,
				FA8EEA81236FFECD00BFC053 /* UNUserNotificationCenterDelegate.swift */,
				FAC891592341EB090018338C /* Assets.xcassets */,
				FA4B9D532349B989004D1B7C /* mindfulness_UCLA_app_guided_meditations_audio_files */,
				FACDBA9A2367952000B538EC /* midway-assessment.pdf */,
				FACDBA922367951E00B538EC /* week1-formal.pdf */,
				FACDBA982367951F00B538EC /* week1-informal.pdf */,
				FACDBA992367952000B538EC /* week2-formal.pdf */,
				FACDBA9B2367952000B538EC /* week2-informal.pdf */,
				FACDBA962367951F00B538EC /* week3-informal.pdf */,
				FACDBA912367951E00B538EC /* week4-formal.pdf */,
				FACDBA952367951F00B538EC /* week4-informal.pdf */,
				FACDBA8F2367951D00B538EC /* week5-formal.pdf */,
				FACDBA972367951F00B538EC /* week5-informal.pdf */,
				FACDBA932367951E00B538EC /* week6-formal.pdf */,
				FACDBA902367951E00B538EC /* week7-formal.pdf */,
				FACDBA942367951F00B538EC /* week7-informal.pdf */,
				FA4B9D5E2349B9B9004D1B7C /* mindfulness_UCLA_graphics_assets */,
				FAC8915E2341EB090018338C /* Info.plist */,
			);
			path = "App Resources";
			sourceTree = "<group>";
		};
		FAC891652341EB390018338C /* Models */ = {
			isa = PBXGroup;
			children = (
				FA69CE97237380BF00522A39 /* AboutUsLinks.swift */,
				FA69CE9F23753EC700522A39 /* Getting Started */,
				FACDBA5623638AD400B538EC /* AudioGuidedMeditationMetaDataStrings.swift */,
				FAD5937D2377C8C6009A213C /* VideoGuidedMeditationStrings.swift */,
				FA4B9D4D23470DD3004D1B7C /* WeekHeadings.swift */,
				FACDBA50235E555E00B538EC /* ReGexPatterns.swift */,
				FACDBA5A236397CF00B538EC /* Course Contents */,
				FACDBA5B236397F300B538EC /* Guided Meditations */,
				FAC891562341EB070018338C /* mindfulness_UCLA.xcdatamodeld */,
				FAD5937923776471009A213C /* CoreDataStack.swift */,
				FAD5937B23776518009A213C /* GuidedMeditationCount+Convenience.swift */,
			);
			path = Models;
			sourceTree = "<group>";
		};
		FAC891662341EB420018338C /* Controllers */ = {
			isa = PBXGroup;
			children = (
				FA61C2AC234EBC07007F0AD3 /* Model Controllers */,
				FA61C2AB234EBBE4007F0AD3 /* ViewControllers */,
			);
			path = Controllers;
			sourceTree = "<group>";
		};
		FAC891672341EB490018338C /* Views */ = {
			isa = PBXGroup;
			children = (
				FAC891682341EB5D0018338C /* LaunchScreen.storyboard */,
				FAC891692341EB5E0018338C /* Main.storyboard */,
			);
			path = Views;
			sourceTree = "<group>";
		};
		FACDBA5A236397CF00B538EC /* Course Contents */ = {
			isa = PBXGroup;
			children = (
				FA4B9D4F2349ADDC004D1B7C /* WeekCourseContent.swift */,
				FA69CE8F2373711800522A39 /* AboutUs.swift */,
				FA4B9D5F2349BAE3004D1B7C /* Week1Data.swift */,
				FA4B9D612349C59B004D1B7C /* Week2Data.swift */,
				FA4B9D632349C5A8004D1B7C /* Week3Data.swift */,
				FA4B9D652349C5B4004D1B7C /* Week4Data.swift */,
				FA4B9D672349C5BF004D1B7C /* Week5Data.swift */,
				FA4B9D692349C5CB004D1B7C /* Week6Data.swift */,
				FA4B9D6B2349C5D8004D1B7C /* Week7Data.swift */,
				FA4B9D6D2349C5E5004D1B7C /* Week8Data.swift */,
				FA4B9D6F2349C5F1004D1B7C /* Week9Data.swift */,
			);
			path = "Course Contents";
			sourceTree = "<group>";
		};
		FACDBA5B236397F300B538EC /* Guided Meditations */ = {
			isa = PBXGroup;
			children = (
				FACDBA58236396E800B538EC /* GuidedMeditation.swift */,
				FA69CEA42375448200522A39 /* RaisinMeditationVideo.swift */,
				FACDBA5C2363980F00B538EC /* BodyScan.swift */,
				FACDBA5E2363997400B538EC /* Sitting.swift */,
				FACDBA60236399EB00B538EC /* PhysicalPain.swift */,
				FACDBA6223639A0100B538EC /* DifficultEmotions.swift */,
				FACDBA6423639A1200B538EC /* Mountain.swift */,
				FACDBA6623639A1C00B538EC /* Lake.swift */,
				FACDBA6823639A3100B538EC /* Lovingkindness.swift */,
				FACDBA6A23639A5A00B538EC /* SootheSoftenAllow.swift */,
				FACDBA6C23639A6A00B538EC /* RAIN.swift */,
				FACDBA6E23639A7A00B538EC /* Silent.swift */,
				FACDBA872366A52E00B538EC /* MindfulYoga1.swift */,
				FACDBA892366A5D900B538EC /* MindfulYoga2.swift */,
			);
			path = "Guided Meditations";
			sourceTree = "<group>";
		};
/* End PBXGroup section */

/* Begin PBXNativeTarget section */
		FAC8914B2341EB070018338C /* mindfulness_UCLA */ = {
			isa = PBXNativeTarget;
			buildConfigurationList = FAC891612341EB090018338C /* Build configuration list for PBXNativeTarget "mindfulness_UCLA" */;
			buildPhases = (
				FAC891482341EB070018338C /* Sources */,
				FAC891492341EB070018338C /* Frameworks */,
				FAC8914A2341EB070018338C /* Resources */,
			);
			buildRules = (
			);
			dependencies = (
			);
			name = mindfulness_UCLA;
			productName = mindfulness_UCLA;
			productReference = FAC8914C2341EB070018338C /* mindfulness_UCLA.app */;
			productType = "com.apple.product-type.application";
		};
/* End PBXNativeTarget section */

/* Begin PBXProject section */
		FAC891442341EB070018338C /* Project object */ = {
			isa = PBXProject;
			attributes = {
				LastSwiftUpdateCheck = 1030;
				LastUpgradeCheck = 1030;
				ORGANIZATIONNAME = "DunDak, LLC";
				TargetAttributes = {
					FAC8914B2341EB070018338C = {
						CreatedOnToolsVersion = 10.3;
						SystemCapabilities = {
							com.apple.BackgroundModes = {
								enabled = 1;
							};
						};
					};
				};
			};
			buildConfigurationList = FAC891472341EB070018338C /* Build configuration list for PBXProject "mindfulness_UCLA" */;
			compatibilityVersion = "Xcode 9.3";
			developmentRegion = en;
			hasScannedForEncodings = 0;
			knownRegions = (
				en,
				Base,
			);
			mainGroup = FAC891432341EB070018338C;
			productRefGroup = FAC8914D2341EB070018338C /* Products */;
			projectDirPath = "";
			projectRoot = "";
			targets = (
				FAC8914B2341EB070018338C /* mindfulness_UCLA */,
			);
		};
/* End PBXProject section */

/* Begin PBXResourcesBuildPhase section */
		FAC8914A2341EB070018338C /* Resources */ = {
			isa = PBXResourcesBuildPhase;
			buildActionMask = 2147483647;
			files = (
				FACDBA9C2367954100B538EC /* midway-assessment.pdf in Resources */,
				FA1FE15D237D211700568EA3 /* turning-toward-physical_80enc.mp3 in Resources */,
				FACDBA9D2367954100B538EC /* week1-formal.pdf in Resources */,
				FA1FE155237D211700568EA3 /* bodyscan_80enc.mp3 in Resources */,
				FA1FE15A237D211700568EA3 /* soften-soothe-allow_80enc.mp3 in Resources */,
				FACDBA9E2367954100B538EC /* week1-informal.pdf in Resources */,
				FACDBA9F2367954100B538EC /* week2-formal.pdf in Resources */,
				FACDBAA02367954100B538EC /* week2-informal.pdf in Resources */,
				FACDBAA12367954100B538EC /* week3-informal.pdf in Resources */,
				FACDBAA22367954100B538EC /* week4-formal.pdf in Resources */,
				FACDBAA32367954100B538EC /* week4-informal.pdf in Resources */,
				FACDBAAC2368D97E00B538EC /* blue-delete-100.png in Resources */,
				FACDBAA42367954100B538EC /* week5-formal.pdf in Resources */,
				FACDBAA52367954100B538EC /* week5-informal.pdf in Resources */,
				FACDBAA62367954100B538EC /* week6-formal.pdf in Resources */,
				FACDBAA72367954100B538EC /* week7-formal.pdf in Resources */,
				FACDBAA82367954100B538EC /* week7-informal.pdf in Resources */,
				FACDBAB0236BEA5700B538EC /* tibetan-bells-end-meditation-timer.mp3 in Resources */,
				FA1FE15C237D211700568EA3 /* lovingkindness_80enc.mp3 in Resources */,
				FA1FE156237D211700568EA3 /* sittingmeditation_80enc.mp3 in Resources */,
				FA1FE15B237D211700568EA3 /* turning-toward-emotional_80enc.mp3 in Resources */,
				FAC8916A2341EB5E0018338C /* LaunchScreen.storyboard in Resources */,
				FAC891852341EF370018338C /* Video_Courses_Yoga.jpeg in Resources */,
				FAC891812341EF370018338C /* UCLA_Meditation_Course_Lotus_Flower_Original_Image_Background_Blue.png in Resources */,
				FA1FE157237D211700568EA3 /* lake_80enc.mp3 in Resources */,
				FACDBA8E2366AEDD00B538EC /* Mindful_Yoga_1_thumbnail.png in Resources */,
				FA69CE9423737B6800522A39 /* about_us.jpg in Resources */,
				FA4B9D4823459620004D1B7C /* Timer_White_40px.png in Resources */,
				FACDBA8D2366AEDD00B538EC /* Mindful_Yoga_2_thumbnail.png in Resources */,
				FAC891792341EF370018338C /* TImer_Blue.png in Resources */,
				FAC8917A2341EF370018338C /* Getting_Started_Lotus.jpg in Resources */,
				FACDBAAE2368D97E00B538EC /* white-delete-100.png in Resources */,
				FAC8917E2341EF370018338C /* UCLA_Meditation_Course_Lotus_Flower_Original_Image_UCLA_Blue.png in Resources */,
				FACDBA7423652E7000B538EC /* mindfulness-pause-90.png in Resources */,
				FAC89195234580250018338C /* Timer_Large_Detail_Background_Color.png in Resources */,
				FACDBA7523652E7000B538EC /* mindfulness-play-90.png in Resources */,
				FA4B9D4C23470BC5004D1B7C /* Video_Courses_Yoga_cropped.jpeg in Resources */,
				FAC891802341EF370018338C /* UCLA_Meditation_Course_Lotus_Flower_Original_Image.png in Resources */,
				FA1FE158237D211700568EA3 /* RAIN_80enc.mp3 in Resources */,
				FA1FE154237D211700568EA3 /* mountain_80enc.mp3 in Resources */,
				FAC8915A2341EB090018338C /* Assets.xcassets in Resources */,
				FAC8917F2341EF370018338C /* Timer_Large_Detail.png in Resources */,
				FAC8916B2341EB5E0018338C /* Main.storyboard in Resources */,
				FAC891832341EF370018338C /* Timer_Large_Detail_Blue.png in Resources */,
				FAC8917D2341EF370018338C /* Audio_Tracks_Meditation.jpg in Resources */,
				FA1FE159237D211700568EA3 /* silent30min_guided_meditation_audio_file_80enc.mp3 in Resources */,
				FAC8917C2341EF370018338C /* Course_Content_Mountain.jpg in Resources */,
				FACDBAAD2368D97E00B538EC /* white-share-rounded-90.png in Resources */,
			);
			runOnlyForDeploymentPostprocessing = 0;
		};
/* End PBXResourcesBuildPhase section */

/* Begin PBXSourcesBuildPhase section */
		FAC891482341EB070018338C /* Sources */ = {
			isa = PBXSourcesBuildPhase;
			buildActionMask = 2147483647;
			files = (
				FA4B9D662349C5B4004D1B7C /* Week4Data.swift in Sources */,
				FACDBAB9236EA85C00B538EC /* LocalNotificationsManager.swift in Sources */,
				FA69CE9A2373BF3300522A39 /* GettingStartedHyperLinkStrings.swift in Sources */,
				FAD5936423760D6D009A213C /* OnlineStudentCommunityViewController.swift in Sources */,
				FA4B9D622349C59B004D1B7C /* Week2Data.swift in Sources */,
				FAC8918F23457EE10018338C /* VideoCoursesTableViewController.swift in Sources */,
				FA69CE9623737F9D00522A39 /* AbutUsViewController.swift in Sources */,
				FAC891582341EB070018338C /* mindfulness_UCLA.xcdatamodeld in Sources */,
				FA61C2AE234EBC40007F0AD3 /* CourseContentModelController.swift in Sources */,
				FAD5936823760DAA009A213C /* CreatingAManualViewController.swift in Sources */,
				FACDBA5323622D2B00B538EC /* Protocols.swift in Sources */,
				FAD5936223760D48009A213C /* GettingStartedWorksheetViewController.swift in Sources */,
				FA69CE922373728400522A39 /* GettingStarted.swift in Sources */,
				FACDBA8123655AC200B538EC /* GuidedMeditationsViewController.swift in Sources */,
				FACDBA6D23639A6A00B538EC /* RAIN.swift in Sources */,
				FAD5936023760D12009A213C /* BeforeYouBeginViewController.swift in Sources */,
				FAD5936A23760DC8009A213C /* VideosAndReadingsViewController.swift in Sources */,
				FA69CE9E23753CD700522A39 /* IBDesignables.swift in Sources */,
				FACDBA5723638AD400B538EC /* AudioGuidedMeditationMetaDataStrings.swift in Sources */,
				FACDBA712363D1C300B538EC /* GuidedMeditationTableViewCell.swift in Sources */,
				FAD5937023760E45009A213C /* HealthConsiderations1ViewController.swift in Sources */,
				FA4B9D6C2349C5D8004D1B7C /* Week7Data.swift in Sources */,
				FA61C2B223530070007F0AD3 /* CourseContentDetailTableViewCell.swift in Sources */,
				FACDBA59236396E800B538EC /* GuidedMeditation.swift in Sources */,
				FA4B9D682349C5BF004D1B7C /* Week5Data.swift in Sources */,
				FACDBA5D2363980F00B538EC /* BodyScan.swift in Sources */,
				FACDBAB5236D0A4300B538EC /* GuidedMeditationsModelController.swift in Sources */,
				FACDBA8323663E8E00B538EC /* VideoCoursesTableViewCell.swift in Sources */,
				FA4B9D602349BAE3004D1B7C /* Week1Data.swift in Sources */,
				FA4B9D642349C5A8004D1B7C /* Week3Data.swift in Sources */,
				FAC8918723457E640018338C /* DashboardTableViewController.swift in Sources */,
				FACDBA882366A52E00B538EC /* MindfulYoga1.swift in Sources */,
				FA69CE9C2373C33100522A39 /* GettingStartedContent.swift in Sources */,
				FA4B9D4E23470DD3004D1B7C /* WeekHeadings.swift in Sources */,
				FA4B9D6E2349C5E5004D1B7C /* Week8Data.swift in Sources */,
				FAD5936623760D91009A213C /* FAQViewController.swift in Sources */,
				FACDBA61236399EB00B538EC /* PhysicalPain.swift in Sources */,
				FA4B9D502349ADDC004D1B7C /* WeekCourseContent.swift in Sources */,
				FAD5936C23760DE0009A213C /* DailyPractice1ViewController.swift in Sources */,
				FAD59376237610B8009A213C /* GettingStartedViewController.swift in Sources */,
				FACDBA6523639A1200B538EC /* Mountain.swift in Sources */,
				FAD5937423760E6F009A213C /* ReadyToStartViewController.swift in Sources */,
				FAD5937C23776518009A213C /* GuidedMeditationCount+Convenience.swift in Sources */,
				FA69CEA52375448200522A39 /* RaisinMeditationVideo.swift in Sources */,
				FAD5937223760E5D009A213C /* HealthConsiderations2ViewController.swift in Sources */,
				FA4B9D702349C5F1004D1B7C /* Week9Data.swift in Sources */,
				FAC8918B23457EA90018338C /* CourseContentTableViewController.swift in Sources */,
				FAD5937E2377C8C6009A213C /* VideoGuidedMeditationStrings.swift in Sources */,
				FACDBA6923639A3100B538EC /* Lovingkindness.swift in Sources */,
				FAD593782376523B009A213C /* ViewControllerExtension.swift in Sources */,
				FA69CEA123753FFB00522A39 /* AdminCheckTableViewController.swift in Sources */,
				FA69CE98237380BF00522A39 /* AboutUsLinks.swift in Sources */,
				FAC8919123457F030018338C /* WeekCourseMaterialsTableViewController.swift in Sources */,
				FA69CE902373711800522A39 /* AboutUs.swift in Sources */,
				FACDBA51235E555E00B538EC /* ReGexPatterns.swift in Sources */,
				FACDBA6323639A0100B538EC /* DifficultEmotions.swift in Sources */,
				FA8EEA82236FFECD00BFC053 /* UNUserNotificationCenterDelegate.swift in Sources */,
				FACDBA6B23639A5A00B538EC /* SootheSoftenAllow.swift in Sources */,
				FACDBA6F23639A7A00B538EC /* Silent.swift in Sources */,
				FACDBAB7236E9AFF00B538EC /* UserMeditationMasterTimeController.swift in Sources */,
				FA61C2B02352EF35007F0AD3 /* CourseContentDetailsTableViewController.swift in Sources */,
				FACDBA8A2366A5D900B538EC /* MindfulYoga2.swift in Sources */,
				FAC891502341EB070018338C /* AppDelegate.swift in Sources */,
				FACDBA6723639A1C00B538EC /* Lake.swift in Sources */,
				FAD5936E23760DF3009A213C /* DailyPractice2ViewController.swift in Sources */,
				FACDBA5F2363997400B538EC /* Sitting.swift in Sources */,
				FA4B9D6A2349C5CB004D1B7C /* Week6Data.swift in Sources */,
				FAD5937A23776471009A213C /* CoreDataStack.swift in Sources */,
				FAC8919323457F3B0018338C /* MeditationTimerViewController.swift in Sources */,
			);
			runOnlyForDeploymentPostprocessing = 0;
		};
/* End PBXSourcesBuildPhase section */

/* Begin XCBuildConfiguration section */
		FAC8915F2341EB090018338C /* Debug */ = {
			isa = XCBuildConfiguration;
			buildSettings = {
				ALWAYS_SEARCH_USER_PATHS = NO;
				CLANG_ANALYZER_NONNULL = YES;
				CLANG_ANALYZER_NUMBER_OBJECT_CONVERSION = YES_AGGRESSIVE;
				CLANG_CXX_LANGUAGE_STANDARD = "gnu++14";
				CLANG_CXX_LIBRARY = "libc++";
				CLANG_ENABLE_MODULES = YES;
				CLANG_ENABLE_OBJC_ARC = YES;
				CLANG_ENABLE_OBJC_WEAK = YES;
				CLANG_WARN_BLOCK_CAPTURE_AUTORELEASING = YES;
				CLANG_WARN_BOOL_CONVERSION = YES;
				CLANG_WARN_COMMA = YES;
				CLANG_WARN_CONSTANT_CONVERSION = YES;
				CLANG_WARN_DEPRECATED_OBJC_IMPLEMENTATIONS = YES;
				CLANG_WARN_DIRECT_OBJC_ISA_USAGE = YES_ERROR;
				CLANG_WARN_DOCUMENTATION_COMMENTS = YES;
				CLANG_WARN_EMPTY_BODY = YES;
				CLANG_WARN_ENUM_CONVERSION = YES;
				CLANG_WARN_INFINITE_RECURSION = YES;
				CLANG_WARN_INT_CONVERSION = YES;
				CLANG_WARN_NON_LITERAL_NULL_CONVERSION = YES;
				CLANG_WARN_OBJC_IMPLICIT_RETAIN_SELF = YES;
				CLANG_WARN_OBJC_LITERAL_CONVERSION = YES;
				CLANG_WARN_OBJC_ROOT_CLASS = YES_ERROR;
				CLANG_WARN_RANGE_LOOP_ANALYSIS = YES;
				CLANG_WARN_STRICT_PROTOTYPES = YES;
				CLANG_WARN_SUSPICIOUS_MOVE = YES;
				CLANG_WARN_UNGUARDED_AVAILABILITY = YES_AGGRESSIVE;
				CLANG_WARN_UNREACHABLE_CODE = YES;
				CLANG_WARN__DUPLICATE_METHOD_MATCH = YES;
				CODE_SIGN_IDENTITY = "iPhone Developer";
				COPY_PHASE_STRIP = NO;
				DEBUG_INFORMATION_FORMAT = dwarf;
				ENABLE_STRICT_OBJC_MSGSEND = YES;
				ENABLE_TESTABILITY = YES;
				GCC_C_LANGUAGE_STANDARD = gnu11;
				GCC_DYNAMIC_NO_PIC = NO;
				GCC_NO_COMMON_BLOCKS = YES;
				GCC_OPTIMIZATION_LEVEL = 0;
				GCC_PREPROCESSOR_DEFINITIONS = (
					"DEBUG=1",
					"$(inherited)",
				);
				GCC_WARN_64_TO_32_BIT_CONVERSION = YES;
				GCC_WARN_ABOUT_RETURN_TYPE = YES_ERROR;
				GCC_WARN_UNDECLARED_SELECTOR = YES;
				GCC_WARN_UNINITIALIZED_AUTOS = YES_AGGRESSIVE;
				GCC_WARN_UNUSED_FUNCTION = YES;
				GCC_WARN_UNUSED_VARIABLE = YES;
				IPHONEOS_DEPLOYMENT_TARGET = 12.4;
				MTL_ENABLE_DEBUG_INFO = INCLUDE_SOURCE;
				MTL_FAST_MATH = YES;
				ONLY_ACTIVE_ARCH = YES;
				SDKROOT = iphoneos;
				SWIFT_ACTIVE_COMPILATION_CONDITIONS = DEBUG;
				SWIFT_OPTIMIZATION_LEVEL = "-Onone";
			};
			name = Debug;
		};
		FAC891602341EB090018338C /* Release */ = {
			isa = XCBuildConfiguration;
			buildSettings = {
				ALWAYS_SEARCH_USER_PATHS = NO;
				CLANG_ANALYZER_NONNULL = YES;
				CLANG_ANALYZER_NUMBER_OBJECT_CONVERSION = YES_AGGRESSIVE;
				CLANG_CXX_LANGUAGE_STANDARD = "gnu++14";
				CLANG_CXX_LIBRARY = "libc++";
				CLANG_ENABLE_MODULES = YES;
				CLANG_ENABLE_OBJC_ARC = YES;
				CLANG_ENABLE_OBJC_WEAK = YES;
				CLANG_WARN_BLOCK_CAPTURE_AUTORELEASING = YES;
				CLANG_WARN_BOOL_CONVERSION = YES;
				CLANG_WARN_COMMA = YES;
				CLANG_WARN_CONSTANT_CONVERSION = YES;
				CLANG_WARN_DEPRECATED_OBJC_IMPLEMENTATIONS = YES;
				CLANG_WARN_DIRECT_OBJC_ISA_USAGE = YES_ERROR;
				CLANG_WARN_DOCUMENTATION_COMMENTS = YES;
				CLANG_WARN_EMPTY_BODY = YES;
				CLANG_WARN_ENUM_CONVERSION = YES;
				CLANG_WARN_INFINITE_RECURSION = YES;
				CLANG_WARN_INT_CONVERSION = YES;
				CLANG_WARN_NON_LITERAL_NULL_CONVERSION = YES;
				CLANG_WARN_OBJC_IMPLICIT_RETAIN_SELF = YES;
				CLANG_WARN_OBJC_LITERAL_CONVERSION = YES;
				CLANG_WARN_OBJC_ROOT_CLASS = YES_ERROR;
				CLANG_WARN_RANGE_LOOP_ANALYSIS = YES;
				CLANG_WARN_STRICT_PROTOTYPES = YES;
				CLANG_WARN_SUSPICIOUS_MOVE = YES;
				CLANG_WARN_UNGUARDED_AVAILABILITY = YES_AGGRESSIVE;
				CLANG_WARN_UNREACHABLE_CODE = YES;
				CLANG_WARN__DUPLICATE_METHOD_MATCH = YES;
				CODE_SIGN_IDENTITY = "iPhone Developer";
				COPY_PHASE_STRIP = NO;
				DEBUG_INFORMATION_FORMAT = "dwarf-with-dsym";
				ENABLE_NS_ASSERTIONS = NO;
				ENABLE_STRICT_OBJC_MSGSEND = YES;
				GCC_C_LANGUAGE_STANDARD = gnu11;
				GCC_NO_COMMON_BLOCKS = YES;
				GCC_WARN_64_TO_32_BIT_CONVERSION = YES;
				GCC_WARN_ABOUT_RETURN_TYPE = YES_ERROR;
				GCC_WARN_UNDECLARED_SELECTOR = YES;
				GCC_WARN_UNINITIALIZED_AUTOS = YES_AGGRESSIVE;
				GCC_WARN_UNUSED_FUNCTION = YES;
				GCC_WARN_UNUSED_VARIABLE = YES;
				IPHONEOS_DEPLOYMENT_TARGET = 12.4;
				MTL_ENABLE_DEBUG_INFO = NO;
				MTL_FAST_MATH = YES;
				SDKROOT = iphoneos;
				SWIFT_COMPILATION_MODE = wholemodule;
				SWIFT_OPTIMIZATION_LEVEL = "-O";
				VALIDATE_PRODUCT = YES;
			};
			name = Release;
		};
		FAC891622341EB090018338C /* Debug */ = {
			isa = XCBuildConfiguration;
			buildSettings = {
				ASSETCATALOG_COMPILER_APPICON_NAME = AppIcon;
				CODE_SIGN_STYLE = Automatic;
				DEVELOPMENT_TEAM = N9FXT6FZ5X;
				INFOPLIST_FILE = "$(SRCROOT)/mindfulness_UCLA/App Resources/Info.plist";
				LD_RUNPATH_SEARCH_PATHS = (
					"$(inherited)",
					"@executable_path/Frameworks",
				);
				PRODUCT_BUNDLE_IDENTIFIER = "com.dundak.mindfulness-UCLA";
				PRODUCT_NAME = "$(TARGET_NAME)";
				SWIFT_VERSION = 5.0;
				TARGETED_DEVICE_FAMILY = "1,2";
			};
			name = Debug;
		};
		FAC891632341EB090018338C /* Release */ = {
			isa = XCBuildConfiguration;
			buildSettings = {
				ASSETCATALOG_COMPILER_APPICON_NAME = AppIcon;
				CODE_SIGN_STYLE = Automatic;
				DEVELOPMENT_TEAM = N9FXT6FZ5X;
				INFOPLIST_FILE = "$(SRCROOT)/mindfulness_UCLA/App Resources/Info.plist";
				LD_RUNPATH_SEARCH_PATHS = (
					"$(inherited)",
					"@executable_path/Frameworks",
				);
				PRODUCT_BUNDLE_IDENTIFIER = "com.dundak.mindfulness-UCLA";
				PRODUCT_NAME = "$(TARGET_NAME)";
				SWIFT_VERSION = 5.0;
				TARGETED_DEVICE_FAMILY = "1,2";
			};
			name = Release;
		};
/* End XCBuildConfiguration section */

/* Begin XCConfigurationList section */
		FAC891472341EB070018338C /* Build configuration list for PBXProject "mindfulness_UCLA" */ = {
			isa = XCConfigurationList;
			buildConfigurations = (
				FAC8915F2341EB090018338C /* Debug */,
				FAC891602341EB090018338C /* Release */,
			);
			defaultConfigurationIsVisible = 0;
			defaultConfigurationName = Release;
		};
		FAC891612341EB090018338C /* Build configuration list for PBXNativeTarget "mindfulness_UCLA" */ = {
			isa = XCConfigurationList;
			buildConfigurations = (
				FAC891622341EB090018338C /* Debug */,
				FAC891632341EB090018338C /* Release */,
			);
			defaultConfigurationIsVisible = 0;
			defaultConfigurationName = Release;
		};
/* End XCConfigurationList section */

/* Begin XCVersionGroup section */
		FAC891562341EB070018338C /* mindfulness_UCLA.xcdatamodeld */ = {
			isa = XCVersionGroup;
			children = (
				FAC891572341EB070018338C /* mindfulness_UCLA.xcdatamodel */,
			);
			currentVersion = FAC891572341EB070018338C /* mindfulness_UCLA.xcdatamodel */;
			path = mindfulness_UCLA.xcdatamodeld;
			sourceTree = "<group>";
			versionGroupType = wrapper.xcdatamodel;
		};
/* End XCVersionGroup section */
	};
	rootObject = FAC891442341EB070018338C /* Project object */;
}
